
Microsoft Visual Studio Solution File, Format Version 12.00
# Visual Studio Version 17
VisualStudioVersion = 17.5.002.0
MinimumVisualStudioVersion = 10.0.40219.1
Project("{9A19103F-16F7-4668-BE54-9A1E7A4F7556}") = "script-sql-generator-csharp", "script-sql-generator-csharp.csproj", "{B411DCBC-E7AE-44E8-AC3B-CA60B31677E1}"
EndProject
Global
	GlobalSection(SolutionConfigurationPlatforms) = preSolution
		Debug|Any CPU = Debug|Any CPU
		Release|Any CPU = Release|Any CPU
	EndGlobalSection
	GlobalSection(ProjectConfigurationPlatforms) = postSolution
		{B411DCBC-E7AE-44E8-AC3B-CA60B31677E1}.Debug|Any CPU.ActiveCfg = Debug|Any CPU
		{B411DCBC-E7AE-44E8-AC3B-CA60B31677E1}.Debug|Any CPU.Build.0 = Debug|Any CPU
		{B411DCBC-E7AE-44E8-AC3B-CA60B31677E1}.Release|Any CPU.ActiveCfg = Release|Any CPU
		{B411DCBC-E7AE-44E8-AC3B-CA60B31677E1}.Release|Any CPU.Build.0 = Release|Any CPU
	EndGlobalSection
	GlobalSection(SolutionProperties) = preSolution
		HideSolutionNode = FALSE
	EndGlobalSection
	GlobalSection(ExtensibilityGlobals) = postSolution
		SolutionGuid = {192404F6-AAF5-41BF-9C67-23B276C51B27}
	EndGlobalSection
EndGlobal
